
Microsoft Visual Studio Solution File, Format Version 12.00
# Visual Studio 15
Project("{FAE04EC0-301F-11D3-BF4B-00C04F79EFBC}") = "Assembly-CSharp", "Assembly-CSharp.csproj", "{848851EE-A555-7BE4-475B-6CC3A853AAB1}"
EndProject
Project("{FAE04EC0-301F-11D3-BF4B-00C04F79EFBC}") = "Assembly-CSharp-Editor", "Assembly-CSharp-Editor.csproj", "{2901655E-2311-9A45-30F9-C1FFD59BE839}"
EndProject
Global
	GlobalSection(SolutionConfigurationPlatforms) = preSolution
		Debug|Any CPU = Debug|Any CPU
		Release|Any CPU = Release|Any CPU
	EndGlobalSection
	GlobalSection(ProjectConfigurationPlatforms) = postSolution
		{848851EE-A555-7BE4-475B-6CC3A853AAB1}.Debug|Any CPU.ActiveCfg = Debug|Any CPU
		{848851EE-A555-7BE4-475B-6CC3A853AAB1}.Debug|Any CPU.Build.0 = Debug|Any CPU
		{848851EE-A555-7BE4-475B-6CC3A853AAB1}.Release|Any CPU.ActiveCfg = Release|Any CPU
		{848851EE-A555-7BE4-475B-6CC3A853AAB1}.Release|Any CPU.Build.0 = Release|Any CPU
		{2901655E-2311-9A45-30F9-C1FFD59BE839}.Debug|Any CPU.ActiveCfg = Debug|Any CPU
		{2901655E-2311-9A45-30F9-C1FFD59BE839}.Debug|Any CPU.Build.0 = Debug|Any CPU
		{2901655E-2311-9A45-30F9-C1FFD59BE839}.Release|Any CPU.ActiveCfg = Release|Any CPU
		{2901655E-2311-9A45-30F9-C1FFD59BE839}.Release|Any CPU.Build.0 = Release|Any CPU
	EndGlobalSection
	GlobalSection(SolutionProperties) = preSolution
		HideSolutionNode = FALSE
	EndGlobalSection
EndGlobal
